
Microsoft Visual Studio Solution File, Format Version 12.00
# Visual Studio 15
VisualStudioVersion = 15.0.27703.2042
MinimumVisualStudioVersion = 10.0.40219.1
Project("{8BC9CEB8-8B4A-11D0-8D11-00A0C91BC942}") = "HMM", "HMM\HMM.vcxproj", "{FD2C985E-19D4-43C8-9B1F-7B2685621FDE}"
EndProject
Global
	GlobalSection(SolutionConfigurationPlatforms) = preSolution
		Debug|x64 = Debug|x64
		Debug|x86 = Debug|x86
		Release|x64 = Release|x64
		Release|x86 = Release|x86
	EndGlobalSection
	GlobalSection(ProjectConfigurationPlatforms) = postSolution
		{FD2C985E-19D4-43C8-9B1F-7B2685621FDE}.Debug|x64.ActiveCfg = Debug|x64
		{FD2C985E-19D4-43C8-9B1F-7B2685621FDE}.Debug|x64.Build.0 = Debug|x64
		{FD2C985E-19D4-43C8-9B1F-7B2685621FDE}.Debug|x86.ActiveCfg = Debug|Win32
		{FD2C985E-19D4-43C8-9B1F-7B2685621FDE}.Debug|x86.Build.0 = Debug|Win32
		{FD2C985E-19D4-43C8-9B1F-7B2685621FDE}.Release|x64.ActiveCfg = Release|x64
		{FD2C985E-19D4-43C8-9B1F-7B2685621FDE}.Release|x64.Build.0 = Release|x64
		{FD2C985E-19D4-43C8-9B1F-7B2685621FDE}.Release|x86.ActiveCfg = Release|Win32
		{FD2C985E-19D4-43C8-9B1F-7B2685621FDE}.Release|x86.Build.0 = Release|Win32
	EndGlobalSection
	GlobalSection(SolutionProperties) = preSolution
		HideSolutionNode = FALSE
	EndGlobalSection
	GlobalSection(ExtensibilityGlobals) = postSolution
		SolutionGuid = {B1CD5242-099C-4D4B-8B5C-366164D3DC2B}
	EndGlobalSection
EndGlobal
